// !$*UTF8*$!
{
	archiveVersion = 1;
	classes = {
	};
	objectVersion = 46;
	objects = {

/* Begin PBXBuildFile section */
		35340B4C1A521F390021D27E /* PostsTableViewController.m in Sources */ = {isa = PBXBuildFile; fileRef = 35340B4B1A521F390021D27E /* PostsTableViewController.m */; };
		35340B4F1A5222290021D27E /* PostViewController.m in Sources */ = {isa = PBXBuildFile; fileRef = 35340B4E1A5222290021D27E /* PostViewController.m */; };
		3534B1461A4F65460058C09B /* main.m in Sources */ = {isa = PBXBuildFile; fileRef = 3534B1451A4F65460058C09B /* main.m */; };
		3534B1491A4F65460058C09B /* AppDelegate.m in Sources */ = {isa = PBXBuildFile; fileRef = 3534B1481A4F65460058C09B /* AppDelegate.m */; };
		3534B14C1A4F65460058C09B /* ViewController.m in Sources */ = {isa = PBXBuildFile; fileRef = 3534B14B1A4F65460058C09B /* ViewController.m */; };
		3534B14F1A4F65460058C09B /* Main.storyboard in Resources */ = {isa = PBXBuildFile; fileRef = 3534B14D1A4F65460058C09B /* Main.storyboard */; };
		3534B1511A4F65460058C09B /* Images.xcassets in Resources */ = {isa = PBXBuildFile; fileRef = 3534B1501A4F65460058C09B /* Images.xcassets */; };
		3534B1541A4F65460058C09B /* LaunchScreen.xib in Resources */ = {isa = PBXBuildFile; fileRef = 3534B1521A4F65460058C09B /* LaunchScreen.xib */; };
		3534B1601A4F65460058C09B /* CharlieMassryTests.m in Sources */ = {isa = PBXBuildFile; fileRef = 3534B15F1A4F65460058C09B /* CharlieMassryTests.m */; };
		3534B18F1A4F65770058C09B /* AFHTTPRequestOperation.m in Sources */ = {isa = PBXBuildFile; fileRef = 3534B16B1A4F65770058C09B /* AFHTTPRequestOperation.m */; };
		3534B1901A4F65770058C09B /* AFHTTPRequestOperationManager.m in Sources */ = {isa = PBXBuildFile; fileRef = 3534B16D1A4F65770058C09B /* AFHTTPRequestOperationManager.m */; };
		3534B1911A4F65770058C09B /* AFHTTPSessionManager.m in Sources */ = {isa = PBXBuildFile; fileRef = 3534B16F1A4F65770058C09B /* AFHTTPSessionManager.m */; };
		3534B1921A4F65770058C09B /* AFNetworkReachabilityManager.m in Sources */ = {isa = PBXBuildFile; fileRef = 3534B1721A4F65770058C09B /* AFNetworkReachabilityManager.m */; };
		3534B1931A4F65770058C09B /* AFSecurityPolicy.m in Sources */ = {isa = PBXBuildFile; fileRef = 3534B1741A4F65770058C09B /* AFSecurityPolicy.m */; };
		3534B1941A4F65770058C09B /* AFURLConnectionOperation.m in Sources */ = {isa = PBXBuildFile; fileRef = 3534B1761A4F65770058C09B /* AFURLConnectionOperation.m */; };
		3534B1951A4F65770058C09B /* AFURLRequestSerialization.m in Sources */ = {isa = PBXBuildFile; fileRef = 3534B1781A4F65770058C09B /* AFURLRequestSerialization.m */; };
		3534B1961A4F65770058C09B /* AFURLResponseSerialization.m in Sources */ = {isa = PBXBuildFile; fileRef = 3534B17A1A4F65770058C09B /* AFURLResponseSerialization.m */; };
		3534B1971A4F65770058C09B /* AFURLSessionManager.m in Sources */ = {isa = PBXBuildFile; fileRef = 3534B17C1A4F65770058C09B /* AFURLSessionManager.m */; };
		3534B1981A4F65770058C09B /* AFNetworkActivityIndicatorManager.m in Sources */ = {isa = PBXBuildFile; fileRef = 3534B17F1A4F65770058C09B /* AFNetworkActivityIndicatorManager.m */; };
		3534B1991A4F65770058C09B /* UIActivityIndicatorView+AFNetworking.m in Sources */ = {isa = PBXBuildFile; fileRef = 3534B1811A4F65770058C09B /* UIActivityIndicatorView+AFNetworking.m */; };
		3534B19A1A4F65770058C09B /* UIAlertView+AFNetworking.m in Sources */ = {isa = PBXBuildFile; fileRef = 3534B1831A4F65770058C09B /* UIAlertView+AFNetworking.m */; };
		3534B19B1A4F65770058C09B /* UIButton+AFNetworking.m in Sources */ = {isa = PBXBuildFile; fileRef = 3534B1851A4F65770058C09B /* UIButton+AFNetworking.m */; };
		3534B19C1A4F65770058C09B /* UIImageView+AFNetworking.m in Sources */ = {isa = PBXBuildFile; fileRef = 3534B1871A4F65770058C09B /* UIImageView+AFNetworking.m */; };
		3534B19D1A4F65770058C09B /* UIProgressView+AFNetworking.m in Sources */ = {isa = PBXBuildFile; fileRef = 3534B18A1A4F65770058C09B /* UIProgressView+AFNetworking.m */; };
		3534B19E1A4F65770058C09B /* UIRefreshControl+AFNetworking.m in Sources */ = {isa = PBXBuildFile; fileRef = 3534B18C1A4F65770058C09B /* UIRefreshControl+AFNetworking.m */; };
		3534B19F1A4F65770058C09B /* UIWebView+AFNetworking.m in Sources */ = {isa = PBXBuildFile; fileRef = 3534B18E1A4F65770058C09B /* UIWebView+AFNetworking.m */; };
		353A84921A538D7C00668DD6 /* Post.m in Sources */ = {isa = PBXBuildFile; fileRef = 353A84911A538D7C00668DD6 /* Post.m */; };
/* End PBXBuildFile section */

/* Begin PBXContainerItemProxy section */
		3534B15A1A4F65460058C09B /* PBXContainerItemProxy */ = {
			isa = PBXContainerItemProxy;
			containerPortal = 3534B1381A4F65460058C09B /* Project object */;
			proxyType = 1;
			remoteGlobalIDString = 3534B13F1A4F65460058C09B;
			remoteInfo = CharlieMassry;
		};
/* End PBXContainerItemProxy section */

/* Begin PBXFileReference section */
		35340B4A1A521F390021D27E /* PostsTableViewController.h */ = {isa = PBXFileReference; fileEncoding = 4; lastKnownFileType = sourcecode.c.h; path = PostsTableViewController.h; sourceTree = "<group>"; };
		35340B4B1A521F390021D27E /* PostsTableViewController.m */ = {isa = PBXFileReference; fileEncoding = 4; lastKnownFileType = sourcecode.c.objc; path = PostsTableViewController.m; sourceTree = "<group>"; };
		35340B4D1A5222290021D27E /* PostViewController.h */ = {isa = PBXFileReference; fileEncoding = 4; lastKnownFileType = sourcecode.c.h; path = PostViewController.h; sourceTree = "<group>"; };
		35340B4E1A5222290021D27E /* PostViewController.m */ = {isa = PBXFileReference; fileEncoding = 4; lastKnownFileType = sourcecode.c.objc; path = PostViewController.m; sourceTree = "<group>"; };
		3534B1401A4F65460058C09B /* CharlieMassry.app */ = {isa = PBXFileReference; explicitFileType = wrapper.application; includeInIndex = 0; path = CharlieMassry.app; sourceTree = BUILT_PRODUCTS_DIR; };
		3534B1441A4F65460058C09B /* Info.plist */ = {isa = PBXFileReference; lastKnownFileType = text.plist.xml; path = Info.plist; sourceTree = "<group>"; };
		3534B1451A4F65460058C09B /* main.m */ = {isa = PBXFileReference; lastKnownFileType = sourcecode.c.objc; path = main.m; sourceTree = "<group>"; };
		3534B1471A4F65460058C09B /* AppDelegate.h */ = {isa = PBXFileReference; lastKnownFileType = sourcecode.c.h; path = AppDelegate.h; sourceTree = "<group>"; };
		3534B1481A4F65460058C09B /* AppDelegate.m */ = {isa = PBXFileReference; lastKnownFileType = sourcecode.c.objc; path = AppDelegate.m; sourceTree = "<group>"; };
		3534B14A1A4F65460058C09B /* ViewController.h */ = {isa = PBXFileReference; lastKnownFileType = sourcecode.c.h; path = ViewController.h; sourceTree = "<group>"; };
		3534B14B1A4F65460058C09B /* ViewController.m */ = {isa = PBXFileReference; lastKnownFileType = sourcecode.c.objc; path = ViewController.m; sourceTree = "<group>"; };
		3534B14E1A4F65460058C09B /* Base */ = {isa = PBXFileReference; lastKnownFileType = file.storyboard; name = Base; path = Base.lproj/Main.storyboard; sourceTree = "<group>"; };
		3534B1501A4F65460058C09B /* Images.xcassets */ = {isa = PBXFileReference; lastKnownFileType = folder.assetcatalog; path = Images.xcassets; sourceTree = "<group>"; };
		3534B1531A4F65460058C09B /* Base */ = {isa = PBXFileReference; lastKnownFileType = file.xib; name = Base; path = Base.lproj/LaunchScreen.xib; sourceTree = "<group>"; };
		3534B1591A4F65460058C09B /* CharlieMassryTests.xctest */ = {isa = PBXFileReference; explicitFileType = wrapper.cfbundle; includeInIndex = 0; path = CharlieMassryTests.xctest; sourceTree = BUILT_PRODUCTS_DIR; };
		3534B15E1A4F65460058C09B /* Info.plist */ = {isa = PBXFileReference; lastKnownFileType = text.plist.xml; path = Info.plist; sourceTree = "<group>"; };
		3534B15F1A4F65460058C09B /* CharlieMassryTests.m */ = {isa = PBXFileReference; lastKnownFileType = sourcecode.c.objc; path = CharlieMassryTests.m; sourceTree = "<group>"; };
		3534B16A1A4F65770058C09B /* AFHTTPRequestOperation.h */ = {isa = PBXFileReference; fileEncoding = 4; lastKnownFileType = sourcecode.c.h; path = AFHTTPRequestOperation.h; sourceTree = "<group>"; };
		3534B16B1A4F65770058C09B /* AFHTTPRequestOperation.m */ = {isa = PBXFileReference; fileEncoding = 4; lastKnownFileType = sourcecode.c.objc; path = AFHTTPRequestOperation.m; sourceTree = "<group>"; };
		3534B16C1A4F65770058C09B /* AFHTTPRequestOperationManager.h */ = {isa = PBXFileReference; fileEncoding = 4; lastKnownFileType = sourcecode.c.h; path = AFHTTPRequestOperationManager.h; sourceTree = "<group>"; };
		3534B16D1A4F65770058C09B /* AFHTTPRequestOperationManager.m */ = {isa = PBXFileReference; fileEncoding = 4; lastKnownFileType = sourcecode.c.objc; path = AFHTTPRequestOperationManager.m; sourceTree = "<group>"; };
		3534B16E1A4F65770058C09B /* AFHTTPSessionManager.h */ = {isa = PBXFileReference; fileEncoding = 4; lastKnownFileType = sourcecode.c.h; path = AFHTTPSessionManager.h; sourceTree = "<group>"; };
		3534B16F1A4F65770058C09B /* AFHTTPSessionManager.m */ = {isa = PBXFileReference; fileEncoding = 4; lastKnownFileType = sourcecode.c.objc; path = AFHTTPSessionManager.m; sourceTree = "<group>"; };
		3534B1701A4F65770058C09B /* AFNetworking.h */ = {isa = PBXFileReference; fileEncoding = 4; lastKnownFileType = sourcecode.c.h; path = AFNetworking.h; sourceTree = "<group>"; };
		3534B1711A4F65770058C09B /* AFNetworkReachabilityManager.h */ = {isa = PBXFileReference; fileEncoding = 4; lastKnownFileType = sourcecode.c.h; path = AFNetworkReachabilityManager.h; sourceTree = "<group>"; };
		3534B1721A4F65770058C09B /* AFNetworkReachabilityManager.m */ = {isa = PBXFileReference; fileEncoding = 4; lastKnownFileType = sourcecode.c.objc; path = AFNetworkReachabilityManager.m; sourceTree = "<group>"; };
		3534B1731A4F65770058C09B /* AFSecurityPolicy.h */ = {isa = PBXFileReference; fileEncoding = 4; lastKnownFileType = sourcecode.c.h; path = AFSecurityPolicy.h; sourceTree = "<group>"; };
		3534B1741A4F65770058C09B /* AFSecurityPolicy.m */ = {isa = PBXFileReference; fileEncoding = 4; lastKnownFileType = sourcecode.c.objc; path = AFSecurityPolicy.m; sourceTree = "<group>"; };
		3534B1751A4F65770058C09B /* AFURLConnectionOperation.h */ = {isa = PBXFileReference; fileEncoding = 4; lastKnownFileType = sourcecode.c.h; path = AFURLConnectionOperation.h; sourceTree = "<group>"; };
		3534B1761A4F65770058C09B /* AFURLConnectionOperation.m */ = {isa = PBXFileReference; fileEncoding = 4; lastKnownFileType = sourcecode.c.objc; path = AFURLConnectionOperation.m; sourceTree = "<group>"; };
		3534B1771A4F65770058C09B /* AFURLRequestSerialization.h */ = {isa = PBXFileReference; fileEncoding = 4; lastKnownFileType = sourcecode.c.h; path = AFURLRequestSerialization.h; sourceTree = "<group>"; };
		3534B1781A4F65770058C09B /* AFURLRequestSerialization.m */ = {isa = PBXFileReference; fileEncoding = 4; lastKnownFileType = sourcecode.c.objc; path = AFURLRequestSerialization.m; sourceTree = "<group>"; };
		3534B1791A4F65770058C09B /* AFURLResponseSerialization.h */ = {isa = PBXFileReference; fileEncoding = 4; lastKnownFileType = sourcecode.c.h; path = AFURLResponseSerialization.h; sourceTree = "<group>"; };
		3534B17A1A4F65770058C09B /* AFURLResponseSerialization.m */ = {isa = PBXFileReference; fileEncoding = 4; lastKnownFileType = sourcecode.c.objc; path = AFURLResponseSerialization.m; sourceTree = "<group>"; };
		3534B17B1A4F65770058C09B /* AFURLSessionManager.h */ = {isa = PBXFileReference; fileEncoding = 4; lastKnownFileType = sourcecode.c.h; path = AFURLSessionManager.h; sourceTree = "<group>"; };
		3534B17C1A4F65770058C09B /* AFURLSessionManager.m */ = {isa = PBXFileReference; fileEncoding = 4; lastKnownFileType = sourcecode.c.objc; path = AFURLSessionManager.m; sourceTree = "<group>"; };
		3534B17E1A4F65770058C09B /* AFNetworkActivityIndicatorManager.h */ = {isa = PBXFileReference; fileEncoding = 4; lastKnownFileType = sourcecode.c.h; path = AFNetworkActivityIndicatorManager.h; sourceTree = "<group>"; };
		3534B17F1A4F65770058C09B /* AFNetworkActivityIndicatorManager.m */ = {isa = PBXFileReference; fileEncoding = 4; lastKnownFileType = sourcecode.c.objc; path = AFNetworkActivityIndicatorManager.m; sourceTree = "<group>"; };
		3534B1801A4F65770058C09B /* UIActivityIndicatorView+AFNetworking.h */ = {isa = PBXFileReference; fileEncoding = 4; lastKnownFileType = sourcecode.c.h; path = "UIActivityIndicatorView+AFNetworking.h"; sourceTree = "<group>"; };
		3534B1811A4F65770058C09B /* UIActivityIndicatorView+AFNetworking.m */ = {isa = PBXFileReference; fileEncoding = 4; lastKnownFileType = sourcecode.c.objc; path = "UIActivityIndicatorView+AFNetworking.m"; sourceTree = "<group>"; };
		3534B1821A4F65770058C09B /* UIAlertView+AFNetworking.h */ = {isa = PBXFileReference; fileEncoding = 4; lastKnownFileType = sourcecode.c.h; path = "UIAlertView+AFNetworking.h"; sourceTree = "<group>"; };
		3534B1831A4F65770058C09B /* UIAlertView+AFNetworking.m */ = {isa = PBXFileReference; fileEncoding = 4; lastKnownFileType = sourcecode.c.objc; path = "UIAlertView+AFNetworking.m"; sourceTree = "<group>"; };
		3534B1841A4F65770058C09B /* UIButton+AFNetworking.h */ = {isa = PBXFileReference; fileEncoding = 4; lastKnownFileType = sourcecode.c.h; path = "UIButton+AFNetworking.h"; sourceTree = "<group>"; };
		3534B1851A4F65770058C09B /* UIButton+AFNetworking.m */ = {isa = PBXFileReference; fileEncoding = 4; lastKnownFileType = sourcecode.c.objc; path = "UIButton+AFNetworking.m"; sourceTree = "<group>"; };
		3534B1861A4F65770058C09B /* UIImageView+AFNetworking.h */ = {isa = PBXFileReference; fileEncoding = 4; lastKnownFileType = sourcecode.c.h; path = "UIImageView+AFNetworking.h"; sourceTree = "<group>"; };
		3534B1871A4F65770058C09B /* UIImageView+AFNetworking.m */ = {isa = PBXFileReference; fileEncoding = 4; lastKnownFileType = sourcecode.c.objc; path = "UIImageView+AFNetworking.m"; sourceTree = "<group>"; };
		3534B1881A4F65770058C09B /* UIKit+AFNetworking.h */ = {isa = PBXFileReference; fileEncoding = 4; lastKnownFileType = sourcecode.c.h; path = "UIKit+AFNetworking.h"; sourceTree = "<group>"; };
		3534B1891A4F65770058C09B /* UIProgressView+AFNetworking.h */ = {isa = PBXFileReference; fileEncoding = 4; lastKnownFileType = sourcecode.c.h; path = "UIProgressView+AFNetworking.h"; sourceTree = "<group>"; };
		3534B18A1A4F65770058C09B /* UIProgressView+AFNetworking.m */ = {isa = PBXFileReference; fileEncoding = 4; lastKnownFileType = sourcecode.c.objc; path = "UIProgressView+AFNetworking.m"; sourceTree = "<group>"; };
		3534B18B1A4F65770058C09B /* UIRefreshControl+AFNetworking.h */ = {isa = PBXFileReference; fileEncoding = 4; lastKnownFileType = sourcecode.c.h; path = "UIRefreshControl+AFNetworking.h"; sourceTree = "<group>"; };
		3534B18C1A4F65770058C09B /* UIRefreshControl+AFNetworking.m */ = {isa = PBXFileReference; fileEncoding = 4; lastKnownFileType = sourcecode.c.objc; path = "UIRefreshControl+AFNetworking.m"; sourceTree = "<group>"; };
		3534B18D1A4F65770058C09B /* UIWebView+AFNetworking.h */ = {isa = PBXFileReference; fileEncoding = 4; lastKnownFileType = sourcecode.c.h; path = "UIWebView+AFNetworking.h"; sourceTree = "<group>"; };
		3534B18E1A4F65770058C09B /* UIWebView+AFNetworking.m */ = {isa = PBXFileReference; fileEncoding = 4; lastKnownFileType = sourcecode.c.objc; path = "UIWebView+AFNetworking.m"; sourceTree = "<group>"; };
		353A84901A538D7C00668DD6 /* Post.h */ = {isa = PBXFileReference; fileEncoding = 4; lastKnownFileType = sourcecode.c.h; path = Post.h; sourceTree = "<group>"; };
		353A84911A538D7C00668DD6 /* Post.m */ = {isa = PBXFileReference; fileEncoding = 4; lastKnownFileType = sourcecode.c.objc; path = Post.m; sourceTree = "<group>"; };
/* End PBXFileReference section */

/* Begin PBXFrameworksBuildPhase section */
		3534B13D1A4F65460058C09B /* Frameworks */ = {
			isa = PBXFrameworksBuildPhase;
			buildActionMask = 2147483647;
			files = (
			);
			runOnlyForDeploymentPostprocessing = 0;
		};
		3534B1561A4F65460058C09B /* Frameworks */ = {
			isa = PBXFrameworksBuildPhase;
			buildActionMask = 2147483647;
			files = (
			);
			runOnlyForDeploymentPostprocessing = 0;
		};
/* End PBXFrameworksBuildPhase section */

/* Begin PBXGroup section */
		3534B1371A4F65460058C09B = {
			isa = PBXGroup;
			children = (
				3534B1691A4F65770058C09B /* AFNetworking */,
				3534B17D1A4F65770058C09B /* UIKit+AFNetworking */,
				3534B1421A4F65460058C09B /* CharlieMassry */,
				3534B15C1A4F65460058C09B /* CharlieMassryTests */,
				3534B1411A4F65460058C09B /* Products */,
			);
			sourceTree = "<group>";
		};
		3534B1411A4F65460058C09B /* Products */ = {
			isa = PBXGroup;
			children = (
				3534B1401A4F65460058C09B /* CharlieMassry.app */,
				3534B1591A4F65460058C09B /* CharlieMassryTests.xctest */,
			);
			name = Products;
			sourceTree = "<group>";
		};
		3534B1421A4F65460058C09B /* CharlieMassry */ = {
			isa = PBXGroup;
			children = (
				3534B1471A4F65460058C09B /* AppDelegate.h */,
				3534B1481A4F65460058C09B /* AppDelegate.m */,
				35340B4A1A521F390021D27E /* PostsTableViewController.h */,
				35340B4B1A521F390021D27E /* PostsTableViewController.m */,
				353A84901A538D7C00668DD6 /* Post.h */,
				353A84911A538D7C00668DD6 /* Post.m */,
				35340B4D1A5222290021D27E /* PostViewController.h */,
				35340B4E1A5222290021D27E /* PostViewController.m */,
				3534B14A1A4F65460058C09B /* ViewController.h */,
				3534B14B1A4F65460058C09B /* ViewController.m */,
				3534B14D1A4F65460058C09B /* Main.storyboard */,
				3534B1501A4F65460058C09B /* Images.xcassets */,
				3534B1521A4F65460058C09B /* LaunchScreen.xib */,
				3534B1431A4F65460058C09B /* Supporting Files */,
			);
			path = CharlieMassry;
			sourceTree = "<group>";
		};
		3534B1431A4F65460058C09B /* Supporting Files */ = {
			isa = PBXGroup;
			children = (
				3534B1441A4F65460058C09B /* Info.plist */,
				3534B1451A4F65460058C09B /* main.m */,
			);
			name = "Supporting Files";
			sourceTree = "<group>";
		};
		3534B15C1A4F65460058C09B /* CharlieMassryTests */ = {
			isa = PBXGroup;
			children = (
				3534B15F1A4F65460058C09B /* CharlieMassryTests.m */,
				3534B15D1A4F65460058C09B /* Supporting Files */,
			);
			path = CharlieMassryTests;
			sourceTree = "<group>";
		};
		3534B15D1A4F65460058C09B /* Supporting Files */ = {
			isa = PBXGroup;
			children = (
				3534B15E1A4F65460058C09B /* Info.plist */,
			);
			name = "Supporting Files";
			sourceTree = "<group>";
		};
		3534B1691A4F65770058C09B /* AFNetworking */ = {
			isa = PBXGroup;
			children = (
				3534B16A1A4F65770058C09B /* AFHTTPRequestOperation.h */,
				3534B16B1A4F65770058C09B /* AFHTTPRequestOperation.m */,
				3534B16C1A4F65770058C09B /* AFHTTPRequestOperationManager.h */,
				3534B16D1A4F65770058C09B /* AFHTTPRequestOperationManager.m */,
				3534B16E1A4F65770058C09B /* AFHTTPSessionManager.h */,
				3534B16F1A4F65770058C09B /* AFHTTPSessionManager.m */,
				3534B1701A4F65770058C09B /* AFNetworking.h */,
				3534B1711A4F65770058C09B /* AFNetworkReachabilityManager.h */,
				3534B1721A4F65770058C09B /* AFNetworkReachabilityManager.m */,
				3534B1731A4F65770058C09B /* AFSecurityPolicy.h */,
				3534B1741A4F65770058C09B /* AFSecurityPolicy.m */,
				3534B1751A4F65770058C09B /* AFURLConnectionOperation.h */,
				3534B1761A4F65770058C09B /* AFURLConnectionOperation.m */,
				3534B1771A4F65770058C09B /* AFURLRequestSerialization.h */,
				3534B1781A4F65770058C09B /* AFURLRequestSerialization.m */,
				3534B1791A4F65770058C09B /* AFURLResponseSerialization.h */,
				3534B17A1A4F65770058C09B /* AFURLResponseSerialization.m */,
				3534B17B1A4F65770058C09B /* AFURLSessionManager.h */,
				3534B17C1A4F65770058C09B /* AFURLSessionManager.m */,
			);
			path = AFNetworking;
			sourceTree = "<group>";
		};
		3534B17D1A4F65770058C09B /* UIKit+AFNetworking */ = {
			isa = PBXGroup;
			children = (
				3534B17E1A4F65770058C09B /* AFNetworkActivityIndicatorManager.h */,
				3534B17F1A4F65770058C09B /* AFNetworkActivityIndicatorManager.m */,
				3534B1801A4F65770058C09B /* UIActivityIndicatorView+AFNetworking.h */,
				3534B1811A4F65770058C09B /* UIActivityIndicatorView+AFNetworking.m */,
				3534B1821A4F65770058C09B /* UIAlertView+AFNetworking.h */,
				3534B1831A4F65770058C09B /* UIAlertView+AFNetworking.m */,
				3534B1841A4F65770058C09B /* UIButton+AFNetworking.h */,
				3534B1851A4F65770058C09B /* UIButton+AFNetworking.m */,
				3534B1861A4F65770058C09B /* UIImageView+AFNetworking.h */,
				3534B1871A4F65770058C09B /* UIImageView+AFNetworking.m */,
				3534B1881A4F65770058C09B /* UIKit+AFNetworking.h */,
				3534B1891A4F65770058C09B /* UIProgressView+AFNetworking.h */,
				3534B18A1A4F65770058C09B /* UIProgressView+AFNetworking.m */,
				3534B18B1A4F65770058C09B /* UIRefreshControl+AFNetworking.h */,
				3534B18C1A4F65770058C09B /* UIRefreshControl+AFNetworking.m */,
				3534B18D1A4F65770058C09B /* UIWebView+AFNetworking.h */,
				3534B18E1A4F65770058C09B /* UIWebView+AFNetworking.m */,
			);
			path = "UIKit+AFNetworking";
			sourceTree = "<group>";
		};
/* End PBXGroup section */

/* Begin PBXNativeTarget section */
		3534B13F1A4F65460058C09B /* CharlieMassry */ = {
			isa = PBXNativeTarget;
			buildConfigurationList = 3534B1631A4F65460058C09B /* Build configuration list for PBXNativeTarget "CharlieMassry" */;
			buildPhases = (
				3534B13C1A4F65460058C09B /* Sources */,
				3534B13D1A4F65460058C09B /* Frameworks */,
				3534B13E1A4F65460058C09B /* Resources */,
			);
			buildRules = (
			);
			dependencies = (
			);
			name = CharlieMassry;
			productName = CharlieMassry;
			productReference = 3534B1401A4F65460058C09B /* CharlieMassry.app */;
			productType = "com.apple.product-type.application";
		};
		3534B1581A4F65460058C09B /* CharlieMassryTests */ = {
			isa = PBXNativeTarget;
			buildConfigurationList = 3534B1661A4F65460058C09B /* Build configuration list for PBXNativeTarget "CharlieMassryTests" */;
			buildPhases = (
				3534B1551A4F65460058C09B /* Sources */,
				3534B1561A4F65460058C09B /* Frameworks */,
				3534B1571A4F65460058C09B /* Resources */,
			);
			buildRules = (
			);
			dependencies = (
				3534B15B1A4F65460058C09B /* PBXTargetDependency */,
			);
			name = CharlieMassryTests;
			productName = CharlieMassryTests;
			productReference = 3534B1591A4F65460058C09B /* CharlieMassryTests.xctest */;
			productType = "com.apple.product-type.bundle.unit-test";
		};
/* End PBXNativeTarget section */

/* Begin PBXProject section */
		3534B1381A4F65460058C09B /* Project object */ = {
			isa = PBXProject;
			attributes = {
				LastUpgradeCheck = 0610;
				ORGANIZATIONNAME = "Charlie Massry";
				TargetAttributes = {
					3534B13F1A4F65460058C09B = {
						CreatedOnToolsVersion = 6.1.1;
					};
					3534B1581A4F65460058C09B = {
						CreatedOnToolsVersion = 6.1.1;
						TestTargetID = 3534B13F1A4F65460058C09B;
					};
				};
			};
			buildConfigurationList = 3534B13B1A4F65460058C09B /* Build configuration list for PBXProject "CharlieMassry" */;
			compatibilityVersion = "Xcode 3.2";
			developmentRegion = English;
			hasScannedForEncodings = 0;
			knownRegions = (
				en,
				Base,
			);
			mainGroup = 3534B1371A4F65460058C09B;
			productRefGroup = 3534B1411A4F65460058C09B /* Products */;
			projectDirPath = "";
			projectRoot = "";
			targets = (
				3534B13F1A4F65460058C09B /* CharlieMassry */,
				3534B1581A4F65460058C09B /* CharlieMassryTests */,
			);
		};
/* End PBXProject section */

/* Begin PBXResourcesBuildPhase section */
		3534B13E1A4F65460058C09B /* Resources */ = {
			isa = PBXResourcesBuildPhase;
			buildActionMask = 2147483647;
			files = (
				3534B14F1A4F65460058C09B /* Main.storyboard in Resources */,
				3534B1541A4F65460058C09B /* LaunchScreen.xib in Resources */,
				3534B1511A4F65460058C09B /* Images.xcassets in Resources */,
			);
			runOnlyForDeploymentPostprocessing = 0;
		};
		3534B1571A4F65460058C09B /* Resources */ = {
			isa = PBXResourcesBuildPhase;
			buildActionMask = 2147483647;
			files = (
			);
			runOnlyForDeploymentPostprocessing = 0;
		};
/* End PBXResourcesBuildPhase section */

/* Begin PBXSourcesBuildPhase section */
		3534B13C1A4F65460058C09B /* Sources */ = {
			isa = PBXSourcesBuildPhase;
			buildActionMask = 2147483647;
			files = (
				3534B18F1A4F65770058C09B /* AFHTTPRequestOperation.m in Sources */,
				3534B19C1A4F65770058C09B /* UIImageView+AFNetworking.m in Sources */,
				3534B14C1A4F65460058C09B /* ViewController.m in Sources */,
				35340B4C1A521F390021D27E /* PostsTableViewController.m in Sources */,
				3534B1901A4F65770058C09B /* AFHTTPRequestOperationManager.m in Sources */,
				3534B19D1A4F65770058C09B /* UIProgressView+AFNetworking.m in Sources */,
				3534B1921A4F65770058C09B /* AFNetworkReachabilityManager.m in Sources */,
				3534B1961A4F65770058C09B /* AFURLResponseSerialization.m in Sources */,
				35340B4F1A5222290021D27E /* PostViewController.m in Sources */,
				3534B1941A4F65770058C09B /* AFURLConnectionOperation.m in Sources */,
				3534B19B1A4F65770058C09B /* UIButton+AFNetworking.m in Sources */,
				3534B1991A4F65770058C09B /* UIActivityIndicatorView+AFNetworking.m in Sources */,
				3534B1931A4F65770058C09B /* AFSecurityPolicy.m in Sources */,
				3534B19E1A4F65770058C09B /* UIRefreshControl+AFNetworking.m in Sources */,
				3534B19F1A4F65770058C09B /* UIWebView+AFNetworking.m in Sources */,
				353A84921A538D7C00668DD6 /* Post.m in Sources */,
				3534B1911A4F65770058C09B /* AFHTTPSessionManager.m in Sources */,
				3534B19A1A4F65770058C09B /* UIAlertView+AFNetworking.m in Sources */,
				3534B1951A4F65770058C09B /* AFURLRequestSerialization.m in Sources */,
				3534B1981A4F65770058C09B /* AFNetworkActivityIndicatorManager.m in Sources */,
				3534B1971A4F65770058C09B /* AFURLSessionManager.m in Sources */,
				3534B1491A4F65460058C09B /* AppDelegate.m in Sources */,
				3534B1461A4F65460058C09B /* main.m in Sources */,
			);
			runOnlyForDeploymentPostprocessing = 0;
		};
		3534B1551A4F65460058C09B /* Sources */ = {
			isa = PBXSourcesBuildPhase;
			buildActionMask = 2147483647;
			files = (
				3534B1601A4F65460058C09B /* CharlieMassryTests.m in Sources */,
			);
			runOnlyForDeploymentPostprocessing = 0;
		};
/* End PBXSourcesBuildPhase section */

/* Begin PBXTargetDependency section */
		3534B15B1A4F65460058C09B /* PBXTargetDependency */ = {
			isa = PBXTargetDependency;
			target = 3534B13F1A4F65460058C09B /* CharlieMassry */;
			targetProxy = 3534B15A1A4F65460058C09B /* PBXContainerItemProxy */;
		};
/* End PBXTargetDependency section */

/* Begin PBXVariantGroup section */
		3534B14D1A4F65460058C09B /* Main.storyboard */ = {
			isa = PBXVariantGroup;
			children = (
				3534B14E1A4F65460058C09B /* Base */,
			);
			name = Main.storyboard;
			sourceTree = "<group>";
		};
		3534B1521A4F65460058C09B /* LaunchScreen.xib */ = {
			isa = PBXVariantGroup;
			children = (
				3534B1531A4F65460058C09B /* Base */,
			);
			name = LaunchScreen.xib;
			sourceTree = "<group>";
		};
/* End PBXVariantGroup section */

/* Begin XCBuildConfiguration section */
		3534B1611A4F65460058C09B /* Debug */ = {
			isa = XCBuildConfiguration;
			buildSettings = {
				ALWAYS_SEARCH_USER_PATHS = NO;
				CLANG_CXX_LANGUAGE_STANDARD = "gnu++0x";
				CLANG_CXX_LIBRARY = "libc++";
				CLANG_ENABLE_MODULES = YES;
				CLANG_ENABLE_OBJC_ARC = YES;
				CLANG_WARN_BOOL_CONVERSION = YES;
				CLANG_WARN_CONSTANT_CONVERSION = YES;
				CLANG_WARN_DIRECT_OBJC_ISA_USAGE = YES_ERROR;
				CLANG_WARN_EMPTY_BODY = YES;
				CLANG_WARN_ENUM_CONVERSION = YES;
				CLANG_WARN_INT_CONVERSION = YES;
				CLANG_WARN_OBJC_ROOT_CLASS = YES_ERROR;
				CLANG_WARN_UNREACHABLE_CODE = YES;
				CLANG_WARN__DUPLICATE_METHOD_MATCH = YES;
				"CODE_SIGN_IDENTITY[sdk=iphoneos*]" = "iPhone Developer";
				COPY_PHASE_STRIP = NO;
				ENABLE_STRICT_OBJC_MSGSEND = YES;
				GCC_C_LANGUAGE_STANDARD = gnu99;
				GCC_DYNAMIC_NO_PIC = NO;
				GCC_OPTIMIZATION_LEVEL = 0;
				GCC_PREPROCESSOR_DEFINITIONS = (
					"DEBUG=1",
					"$(inherited)",
				);
				GCC_SYMBOLS_PRIVATE_EXTERN = NO;
				GCC_WARN_64_TO_32_BIT_CONVERSION = YES;
				GCC_WARN_ABOUT_RETURN_TYPE = YES_ERROR;
				GCC_WARN_UNDECLARED_SELECTOR = YES;
				GCC_WARN_UNINITIALIZED_AUTOS = YES_AGGRESSIVE;
				GCC_WARN_UNUSED_FUNCTION = YES;
				GCC_WARN_UNUSED_VARIABLE = YES;
				IPHONEOS_DEPLOYMENT_TARGET = 8.1;
				MTL_ENABLE_DEBUG_INFO = YES;
				ONLY_ACTIVE_ARCH = YES;
				SDKROOT = iphoneos;
				TARGETED_DEVICE_FAMILY = "1,2";
			};
			name = Debug;
		};
		3534B1621A4F65460058C09B /* Release */ = {
			isa = XCBuildConfiguration;
			buildSettings = {
				ALWAYS_SEARCH_USER_PATHS = NO;
				CLANG_CXX_LANGUAGE_STANDARD = "gnu++0x";
				CLANG_CXX_LIBRARY = "libc++";
				CLANG_ENABLE_MODULES = YES;
				CLANG_ENABLE_OBJC_ARC = YES;
				CLANG_WARN_BOOL_CONVERSION = YES;
				CLANG_WARN_CONSTANT_CONVERSION = YES;
				CLANG_WARN_DIRECT_OBJC_ISA_USAGE = YES_ERROR;
				CLANG_WARN_EMPTY_BODY = YES;
				CLANG_WARN_ENUM_CONVERSION = YES;
				CLANG_WARN_INT_CONVERSION = YES;
				CLANG_WARN_OBJC_ROOT_CLASS = YES_ERROR;
				CLANG_WARN_UNREACHABLE_CODE = YES;
				CLANG_WARN__DUPLICATE_METHOD_MATCH = YES;
				"CODE_SIGN_IDENTITY[sdk=iphoneos*]" = "iPhone Developer";
				COPY_PHASE_STRIP = YES;
				ENABLE_NS_ASSERTIONS = NO;
				ENABLE_STRICT_OBJC_MSGSEND = YES;
				GCC_C_LANGUAGE_STANDARD = gnu99;
				GCC_WARN_64_TO_32_BIT_CONVERSION = YES;
				GCC_WARN_ABOUT_RETURN_TYPE = YES_ERROR;
				GCC_WARN_UNDECLARED_SELECTOR = YES;
				GCC_WARN_UNINITIALIZED_AUTOS = YES_AGGRESSIVE;
				GCC_WARN_UNUSED_FUNCTION = YES;
				GCC_WARN_UNUSED_VARIABLE = YES;
				IPHONEOS_DEPLOYMENT_TARGET = 8.1;
				MTL_ENABLE_DEBUG_INFO = NO;
				SDKROOT = iphoneos;
				TARGETED_DEVICE_FAMILY = "1,2";
				VALIDATE_PRODUCT = YES;
			};
			name = Release;
		};
		3534B1641A4F65460058C09B /* Debug */ = {
			isa = XCBuildConfiguration;
			buildSettings = {
				ASSETCATALOG_COMPILER_APPICON_NAME = AppIcon;
				INFOPLIST_FILE = CharlieMassry/Info.plist;
				LD_RUNPATH_SEARCH_PATHS = "$(inherited) @executable_path/Frameworks";
				PRODUCT_NAME = "$(TARGET_NAME)";
			};
			name = Debug;
		};
		3534B1651A4F65460058C09B /* Release */ = {
			isa = XCBuildConfiguration;
			buildSettings = {
				ASSETCATALOG_COMPILER_APPICON_NAME = AppIcon;
				INFOPLIST_FILE = CharlieMassry/Info.plist;
				LD_RUNPATH_SEARCH_PATHS = "$(inherited) @executable_path/Frameworks";
				PRODUCT_NAME = "$(TARGET_NAME)";
			};
			name = Release;
		};
		3534B1671A4F65460058C09B /* Debug */ = {
			isa = XCBuildConfiguration;
			buildSettings = {
				BUNDLE_LOADER = "$(TEST_HOST)";
				FRAMEWORK_SEARCH_PATHS = (
					"$(SDKROOT)/Developer/Library/Frameworks",
					"$(inherited)",
				);
				GCC_PREPROCESSOR_DEFINITIONS = (
					"DEBUG=1",
					"$(inherited)",
				);
				INFOPLIST_FILE = CharlieMassryTests/Info.plist;
				LD_RUNPATH_SEARCH_PATHS = "$(inherited) @executable_path/Frameworks @loader_path/Frameworks";
				PRODUCT_NAME = "$(TARGET_NAME)";
				TEST_HOST = "$(BUILT_PRODUCTS_DIR)/CharlieMassry.app/CharlieMassry";
			};
			name = Debug;
		};
		3534B1681A4F65460058C09B /* Release */ = {
			isa = XCBuildConfiguration;
			buildSettings = {
				BUNDLE_LOADER = "$(TEST_HOST)";
				FRAMEWORK_SEARCH_PATHS = (
					"$(SDKROOT)/Developer/Library/Frameworks",
					"$(inherited)",
				);
				INFOPLIST_FILE = CharlieMassryTests/Info.plist;
				LD_RUNPATH_SEARCH_PATHS = "$(inherited) @executable_path/Frameworks @loader_path/Frameworks";
				PRODUCT_NAME = "$(TARGET_NAME)";
				TEST_HOST = "$(BUILT_PRODUCTS_DIR)/CharlieMassry.app/CharlieMassry";
			};
			name = Release;
		};
/* End XCBuildConfiguration section */

/* Begin XCConfigurationList section */
		3534B13B1A4F65460058C09B /* Build configuration list for PBXProject "CharlieMassry" */ = {
			isa = XCConfigurationList;
			buildConfigurations = (
				3534B1611A4F65460058C09B /* Debug */,
				3534B1621A4F65460058C09B /* Release */,
			);
			defaultConfigurationIsVisible = 0;
			defaultConfigurationName = Release;
		};
		3534B1631A4F65460058C09B /* Build configuration list for PBXNativeTarget "CharlieMassry" */ = {
			isa = XCConfigurationList;
			buildConfigurations = (
				3534B1641A4F65460058C09B /* Debug */,
				3534B1651A4F65460058C09B /* Release */,
			);
			defaultConfigurationIsVisible = 0;
			defaultConfigurationName = Release;
		};
		3534B1661A4F65460058C09B /* Build configuration list for PBXNativeTarget "CharlieMassryTests" */ = {
			isa = XCConfigurationList;
			buildConfigurations = (
				3534B1671A4F65460058C09B /* Debug */,
				3534B1681A4F65460058C09B /* Release */,
			);
			defaultConfigurationIsVisible = 0;
			defaultConfigurationName = Release;
		};
/* End XCConfigurationList section */
	};
	rootObject = 3534B1381A4F65460058C09B /* Project object */;
}
