// !$*UTF8*$!
{
	archiveVersion = 1;
	classes = {
	};
	objectVersion = 46;
	objects = {

/* Begin PBXBuildFile section */
		3509134C1A7B165600D045B7 /* Util.m in Sources */ = {isa = PBXBuildFile; fileRef = 3509134B1A7B165600D045B7 /* Util.m */; };
		35340B4C1A521F390021D27E /* PostsTableViewController.m in Sources */ = {isa = PBXBuildFile; fileRef = 35340B4B1A521F390021D27E /* PostsTableViewController.m */; };
		35340B4F1A5222290021D27E /* PostViewController.m in Sources */ = {isa = PBXBuildFile; fileRef = 35340B4E1A5222290021D27E /* PostViewController.m */; };
		3534B1461A4F65460058C09B /* main.m in Sources */ = {isa = PBXBuildFile; fileRef = 3534B1451A4F65460058C09B /* main.m */; };
		3534B1491A4F65460058C09B /* AppDelegate.m in Sources */ = {isa = PBXBuildFile; fileRef = 3534B1481A4F65460058C09B /* AppDelegate.m */; };
		3534B14C1A4F65460058C09B /* ViewController.m in Sources */ = {isa = PBXBuildFile; fileRef = 3534B14B1A4F65460058C09B /* ViewController.m */; };
		3534B14F1A4F65460058C09B /* Main.storyboard in Resources */ = {isa = PBXBuildFile; fileRef = 3534B14D1A4F65460058C09B /* Main.storyboard */; };
		3534B1511A4F65460058C09B /* Images.xcassets in Resources */ = {isa = PBXBuildFile; fileRef = 3534B1501A4F65460058C09B /* Images.xcassets */; };
		3534B1541A4F65460058C09B /* LaunchScreen.xib in Resources */ = {isa = PBXBuildFile; fileRef = 3534B1521A4F65460058C09B /* LaunchScreen.xib */; };
		3534B1601A4F65460058C09B /* CharlieMassryTests.m in Sources */ = {isa = PBXBuildFile; fileRef = 3534B15F1A4F65460058C09B /* CharlieMassryTests.m */; };
		353A84921A538D7C00668DD6 /* Post.m in Sources */ = {isa = PBXBuildFile; fileRef = 353A84911A538D7C00668DD6 /* Post.m */; };
		359B83BE1B698E6E00F21607 /* Art.m in Sources */ = {isa = PBXBuildFile; fileRef = 359B83BD1B698E6E00F21607 /* Art.m */; };
		359B83C21B69907400F21607 /* ArtViewController.m in Sources */ = {isa = PBXBuildFile; fileRef = 359B83C01B69907400F21607 /* ArtViewController.m */; };
		359B83C31B69907400F21607 /* ArtViewController.xib in Resources */ = {isa = PBXBuildFile; fileRef = 359B83C11B69907400F21607 /* ArtViewController.xib */; };
		359B83C81B699A7400F21607 /* ArtViewCell.m in Sources */ = {isa = PBXBuildFile; fileRef = 359B83C61B699A7400F21607 /* ArtViewCell.m */; };
		359B83C91B699A7400F21607 /* ArtViewCell.xib in Resources */ = {isa = PBXBuildFile; fileRef = 359B83C71B699A7400F21607 /* ArtViewCell.xib */; };
		35B68F901B6C6D7A00CC7616 /* LinksViewController.m in Sources */ = {isa = PBXBuildFile; fileRef = 35B68F8E1B6C6D7A00CC7616 /* LinksViewController.m */; };
		35B68F911B6C6D7A00CC7616 /* LinksViewController.xib in Resources */ = {isa = PBXBuildFile; fileRef = 35B68F8F1B6C6D7A00CC7616 /* LinksViewController.xib */; };
		35B68F941B6C701C00CC7616 /* Link.m in Sources */ = {isa = PBXBuildFile; fileRef = 35B68F931B6C701C00CC7616 /* Link.m */; };
		35B68F981B6C71FA00CC7616 /* LinkViewCell.m in Sources */ = {isa = PBXBuildFile; fileRef = 35B68F961B6C71FA00CC7616 /* LinkViewCell.m */; };
		35B68F991B6C71FA00CC7616 /* LinkViewCell.xib in Resources */ = {isa = PBXBuildFile; fileRef = 35B68F971B6C71FA00CC7616 /* LinkViewCell.xib */; };
		35B68F9D1B6C7B5200CC7616 /* LinkViewController.m in Sources */ = {isa = PBXBuildFile; fileRef = 35B68F9B1B6C7B5200CC7616 /* LinkViewController.m */; };
		35B68F9E1B6C7B5200CC7616 /* LinkViewController.xib in Resources */ = {isa = PBXBuildFile; fileRef = 35B68F9C1B6C7B5200CC7616 /* LinkViewController.xib */; };
		35C4B7661A73278900F50AF2 /* Comment.m in Sources */ = {isa = PBXBuildFile; fileRef = 35C4B7651A73278900F50AF2 /* Comment.m */; };
		35CF46091A6CB6DC0032C26E /* APIClient.m in Sources */ = {isa = PBXBuildFile; fileRef = 35CF46081A6CB6DC0032C26E /* APIClient.m */; };
		9B001142EE3A546D1201EA5A /* libPods-CharlieMassry.a in Frameworks */ = {isa = PBXBuildFile; fileRef = 8EE1C2281FDD9AFB5B75AC61 /* libPods-CharlieMassry.a */; };
/* End PBXBuildFile section */

/* Begin PBXContainerItemProxy section */
		3534B15A1A4F65460058C09B /* PBXContainerItemProxy */ = {
			isa = PBXContainerItemProxy;
			containerPortal = 3534B1381A4F65460058C09B /* Project object */;
			proxyType = 1;
			remoteGlobalIDString = 3534B13F1A4F65460058C09B;
			remoteInfo = CharlieMassry;
		};
/* End PBXContainerItemProxy section */

/* Begin PBXFileReference section */
		3509134A1A7B165600D045B7 /* Util.h */ = {isa = PBXFileReference; fileEncoding = 4; lastKnownFileType = sourcecode.c.h; path = Util.h; sourceTree = "<group>"; };
		3509134B1A7B165600D045B7 /* Util.m */ = {isa = PBXFileReference; fileEncoding = 4; lastKnownFileType = sourcecode.c.objc; path = Util.m; sourceTree = "<group>"; };
		35340B4A1A521F390021D27E /* PostsTableViewController.h */ = {isa = PBXFileReference; fileEncoding = 4; lastKnownFileType = sourcecode.c.h; path = PostsTableViewController.h; sourceTree = "<group>"; };
		35340B4B1A521F390021D27E /* PostsTableViewController.m */ = {isa = PBXFileReference; fileEncoding = 4; lastKnownFileType = sourcecode.c.objc; path = PostsTableViewController.m; sourceTree = "<group>"; };
		35340B4D1A5222290021D27E /* PostViewController.h */ = {isa = PBXFileReference; fileEncoding = 4; lastKnownFileType = sourcecode.c.h; path = PostViewController.h; sourceTree = "<group>"; };
		35340B4E1A5222290021D27E /* PostViewController.m */ = {isa = PBXFileReference; fileEncoding = 4; lastKnownFileType = sourcecode.c.objc; path = PostViewController.m; sourceTree = "<group>"; };
		3534B1401A4F65460058C09B /* CharlieMassry.app */ = {isa = PBXFileReference; explicitFileType = wrapper.application; includeInIndex = 0; path = CharlieMassry.app; sourceTree = BUILT_PRODUCTS_DIR; };
		3534B1441A4F65460058C09B /* Info.plist */ = {isa = PBXFileReference; lastKnownFileType = text.plist.xml; path = Info.plist; sourceTree = "<group>"; };
		3534B1451A4F65460058C09B /* main.m */ = {isa = PBXFileReference; lastKnownFileType = sourcecode.c.objc; path = main.m; sourceTree = "<group>"; };
		3534B1471A4F65460058C09B /* AppDelegate.h */ = {isa = PBXFileReference; lastKnownFileType = sourcecode.c.h; path = AppDelegate.h; sourceTree = "<group>"; };
		3534B1481A4F65460058C09B /* AppDelegate.m */ = {isa = PBXFileReference; lastKnownFileType = sourcecode.c.objc; path = AppDelegate.m; sourceTree = "<group>"; };
		3534B14A1A4F65460058C09B /* ViewController.h */ = {isa = PBXFileReference; lastKnownFileType = sourcecode.c.h; path = ViewController.h; sourceTree = "<group>"; };
		3534B14B1A4F65460058C09B /* ViewController.m */ = {isa = PBXFileReference; lastKnownFileType = sourcecode.c.objc; path = ViewController.m; sourceTree = "<group>"; };
		3534B14E1A4F65460058C09B /* Base */ = {isa = PBXFileReference; lastKnownFileType = file.storyboard; name = Base; path = Base.lproj/Main.storyboard; sourceTree = "<group>"; };
		3534B1501A4F65460058C09B /* Images.xcassets */ = {isa = PBXFileReference; lastKnownFileType = folder.assetcatalog; path = Images.xcassets; sourceTree = "<group>"; };
		3534B1531A4F65460058C09B /* Base */ = {isa = PBXFileReference; lastKnownFileType = file.xib; name = Base; path = Base.lproj/LaunchScreen.xib; sourceTree = "<group>"; };
		3534B1591A4F65460058C09B /* CharlieMassryTests.xctest */ = {isa = PBXFileReference; explicitFileType = wrapper.cfbundle; includeInIndex = 0; path = CharlieMassryTests.xctest; sourceTree = BUILT_PRODUCTS_DIR; };
		3534B15E1A4F65460058C09B /* Info.plist */ = {isa = PBXFileReference; lastKnownFileType = text.plist.xml; path = Info.plist; sourceTree = "<group>"; };
		3534B15F1A4F65460058C09B /* CharlieMassryTests.m */ = {isa = PBXFileReference; lastKnownFileType = sourcecode.c.objc; path = CharlieMassryTests.m; sourceTree = "<group>"; };
		353A84901A538D7C00668DD6 /* Post.h */ = {isa = PBXFileReference; fileEncoding = 4; lastKnownFileType = sourcecode.c.h; path = Post.h; sourceTree = "<group>"; };
		353A84911A538D7C00668DD6 /* Post.m */ = {isa = PBXFileReference; fileEncoding = 4; lastKnownFileType = sourcecode.c.objc; path = Post.m; sourceTree = "<group>"; };
		359B83BC1B698E6E00F21607 /* Art.h */ = {isa = PBXFileReference; fileEncoding = 4; lastKnownFileType = sourcecode.c.h; path = Art.h; sourceTree = "<group>"; };
		359B83BD1B698E6E00F21607 /* Art.m */ = {isa = PBXFileReference; fileEncoding = 4; lastKnownFileType = sourcecode.c.objc; path = Art.m; sourceTree = "<group>"; };
		359B83BF1B69907400F21607 /* ArtViewController.h */ = {isa = PBXFileReference; fileEncoding = 4; lastKnownFileType = sourcecode.c.h; path = ArtViewController.h; sourceTree = "<group>"; };
		359B83C01B69907400F21607 /* ArtViewController.m */ = {isa = PBXFileReference; fileEncoding = 4; lastKnownFileType = sourcecode.c.objc; path = ArtViewController.m; sourceTree = "<group>"; };
		359B83C11B69907400F21607 /* ArtViewController.xib */ = {isa = PBXFileReference; fileEncoding = 4; lastKnownFileType = file.xib; path = ArtViewController.xib; sourceTree = "<group>"; };
		359B83C51B699A7400F21607 /* ArtViewCell.h */ = {isa = PBXFileReference; fileEncoding = 4; lastKnownFileType = sourcecode.c.h; path = ArtViewCell.h; sourceTree = "<group>"; };
		359B83C61B699A7400F21607 /* ArtViewCell.m */ = {isa = PBXFileReference; fileEncoding = 4; lastKnownFileType = sourcecode.c.objc; path = ArtViewCell.m; sourceTree = "<group>"; };
		359B83C71B699A7400F21607 /* ArtViewCell.xib */ = {isa = PBXFileReference; fileEncoding = 4; lastKnownFileType = file.xib; path = ArtViewCell.xib; sourceTree = "<group>"; };
		35B68F8D1B6C6D7A00CC7616 /* LinksViewController.h */ = {isa = PBXFileReference; fileEncoding = 4; lastKnownFileType = sourcecode.c.h; path = LinksViewController.h; sourceTree = "<group>"; };
		35B68F8E1B6C6D7A00CC7616 /* LinksViewController.m */ = {isa = PBXFileReference; fileEncoding = 4; lastKnownFileType = sourcecode.c.objc; path = LinksViewController.m; sourceTree = "<group>"; };
		35B68F8F1B6C6D7A00CC7616 /* LinksViewController.xib */ = {isa = PBXFileReference; fileEncoding = 4; lastKnownFileType = file.xib; path = LinksViewController.xib; sourceTree = "<group>"; };
		35B68F921B6C701C00CC7616 /* Link.h */ = {isa = PBXFileReference; fileEncoding = 4; lastKnownFileType = sourcecode.c.h; path = Link.h; sourceTree = "<group>"; };
		35B68F931B6C701C00CC7616 /* Link.m */ = {isa = PBXFileReference; fileEncoding = 4; lastKnownFileType = sourcecode.c.objc; path = Link.m; sourceTree = "<group>"; };
		35B68F951B6C71FA00CC7616 /* LinkViewCell.h */ = {isa = PBXFileReference; fileEncoding = 4; lastKnownFileType = sourcecode.c.h; path = LinkViewCell.h; sourceTree = "<group>"; };
		35B68F961B6C71FA00CC7616 /* LinkViewCell.m */ = {isa = PBXFileReference; fileEncoding = 4; lastKnownFileType = sourcecode.c.objc; path = LinkViewCell.m; sourceTree = "<group>"; };
		35B68F971B6C71FA00CC7616 /* LinkViewCell.xib */ = {isa = PBXFileReference; fileEncoding = 4; lastKnownFileType = file.xib; path = LinkViewCell.xib; sourceTree = "<group>"; };
		35B68F9A1B6C7B5200CC7616 /* LinkViewController.h */ = {isa = PBXFileReference; fileEncoding = 4; lastKnownFileType = sourcecode.c.h; path = LinkViewController.h; sourceTree = "<group>"; };
		35B68F9B1B6C7B5200CC7616 /* LinkViewController.m */ = {isa = PBXFileReference; fileEncoding = 4; lastKnownFileType = sourcecode.c.objc; path = LinkViewController.m; sourceTree = "<group>"; };
		35B68F9C1B6C7B5200CC7616 /* LinkViewController.xib */ = {isa = PBXFileReference; fileEncoding = 4; lastKnownFileType = file.xib; path = LinkViewController.xib; sourceTree = "<group>"; };
		35C4B7641A73278900F50AF2 /* Comment.h */ = {isa = PBXFileReference; fileEncoding = 4; lastKnownFileType = sourcecode.c.h; path = Comment.h; sourceTree = "<group>"; };
		35C4B7651A73278900F50AF2 /* Comment.m */ = {isa = PBXFileReference; fileEncoding = 4; lastKnownFileType = sourcecode.c.objc; path = Comment.m; sourceTree = "<group>"; };
		35CF46071A6CB6DC0032C26E /* APIClient.h */ = {isa = PBXFileReference; fileEncoding = 4; lastKnownFileType = sourcecode.c.h; path = APIClient.h; sourceTree = "<group>"; };
		35CF46081A6CB6DC0032C26E /* APIClient.m */ = {isa = PBXFileReference; fileEncoding = 4; lastKnownFileType = sourcecode.c.objc; path = APIClient.m; sourceTree = "<group>"; };
		8EE1C2281FDD9AFB5B75AC61 /* libPods-CharlieMassry.a */ = {isa = PBXFileReference; explicitFileType = archive.ar; includeInIndex = 0; path = "libPods-CharlieMassry.a"; sourceTree = BUILT_PRODUCTS_DIR; };
		91DA3E1C0C9F708B26C637B2 /* Pods-CharlieMassry.release.xcconfig */ = {isa = PBXFileReference; includeInIndex = 1; lastKnownFileType = text.xcconfig; name = "Pods-CharlieMassry.release.xcconfig"; path = "Pods/Target Support Files/Pods-CharlieMassry/Pods-CharlieMassry.release.xcconfig"; sourceTree = "<group>"; };
		9773EAAAF67980A860B28ACC /* Pods-CharlieMassry.debug.xcconfig */ = {isa = PBXFileReference; includeInIndex = 1; lastKnownFileType = text.xcconfig; name = "Pods-CharlieMassry.debug.xcconfig"; path = "Pods/Target Support Files/Pods-CharlieMassry/Pods-CharlieMassry.debug.xcconfig"; sourceTree = "<group>"; };
/* End PBXFileReference section */

/* Begin PBXFrameworksBuildPhase section */
		3534B13D1A4F65460058C09B /* Frameworks */ = {
			isa = PBXFrameworksBuildPhase;
			buildActionMask = 2147483647;
			files = (
				9B001142EE3A546D1201EA5A /* libPods-CharlieMassry.a in Frameworks */,
			);
			runOnlyForDeploymentPostprocessing = 0;
		};
		3534B1561A4F65460058C09B /* Frameworks */ = {
			isa = PBXFrameworksBuildPhase;
			buildActionMask = 2147483647;
			files = (
			);
			runOnlyForDeploymentPostprocessing = 0;
		};
/* End PBXFrameworksBuildPhase section */

/* Begin PBXGroup section */
		32CF409D7B1AD4DB9B3E85C8 /* Pods */ = {
			isa = PBXGroup;
			children = (
				9773EAAAF67980A860B28ACC /* Pods-CharlieMassry.debug.xcconfig */,
				91DA3E1C0C9F708B26C637B2 /* Pods-CharlieMassry.release.xcconfig */,
			);
			name = Pods;
			sourceTree = "<group>";
		};
		3534B1371A4F65460058C09B = {
			isa = PBXGroup;
			children = (
				3534B1421A4F65460058C09B /* CharlieMassry */,
				3534B15C1A4F65460058C09B /* CharlieMassryTests */,
				3534B1411A4F65460058C09B /* Products */,
				32CF409D7B1AD4DB9B3E85C8 /* Pods */,
				AF6D122F42451ED5455E6475 /* Frameworks */,
			);
			sourceTree = "<group>";
		};
		3534B1411A4F65460058C09B /* Products */ = {
			isa = PBXGroup;
			children = (
				3534B1401A4F65460058C09B /* CharlieMassry.app */,
				3534B1591A4F65460058C09B /* CharlieMassryTests.xctest */,
			);
			name = Products;
			sourceTree = "<group>";
		};
		3534B1421A4F65460058C09B /* CharlieMassry */ = {
			isa = PBXGroup;
			children = (
				359B83C41B69907A00F21607 /* Views */,
				3558B4811A733D62000AAE5D /* APIs */,
				3558B47F1A733D35000AAE5D /* Controllers */,
				3558B47E1A733D23000AAE5D /* Models */,
				3534B1471A4F65460058C09B /* AppDelegate.h */,
				3534B1481A4F65460058C09B /* AppDelegate.m */,
				3509134A1A7B165600D045B7 /* Util.h */,
				3509134B1A7B165600D045B7 /* Util.m */,
				3534B14D1A4F65460058C09B /* Main.storyboard */,
				3534B1501A4F65460058C09B /* Images.xcassets */,
				3534B1521A4F65460058C09B /* LaunchScreen.xib */,
				3534B1431A4F65460058C09B /* Supporting Files */,
			);
			path = CharlieMassry;
			sourceTree = "<group>";
		};
		3534B1431A4F65460058C09B /* Supporting Files */ = {
			isa = PBXGroup;
			children = (
				3534B1441A4F65460058C09B /* Info.plist */,
				3534B1451A4F65460058C09B /* main.m */,
			);
			name = "Supporting Files";
			sourceTree = "<group>";
		};
		3534B15C1A4F65460058C09B /* CharlieMassryTests */ = {
			isa = PBXGroup;
			children = (
				3534B15F1A4F65460058C09B /* CharlieMassryTests.m */,
				3534B15D1A4F65460058C09B /* Supporting Files */,
			);
			path = CharlieMassryTests;
			sourceTree = "<group>";
		};
		3534B15D1A4F65460058C09B /* Supporting Files */ = {
			isa = PBXGroup;
			children = (
				3534B15E1A4F65460058C09B /* Info.plist */,
			);
			name = "Supporting Files";
			sourceTree = "<group>";
		};
		3558B47E1A733D23000AAE5D /* Models */ = {
			isa = PBXGroup;
			children = (
				353A84901A538D7C00668DD6 /* Post.h */,
				353A84911A538D7C00668DD6 /* Post.m */,
				35C4B7641A73278900F50AF2 /* Comment.h */,
				35C4B7651A73278900F50AF2 /* Comment.m */,
				359B83BC1B698E6E00F21607 /* Art.h */,
				359B83BD1B698E6E00F21607 /* Art.m */,
				35B68F921B6C701C00CC7616 /* Link.h */,
				35B68F931B6C701C00CC7616 /* Link.m */,
			);
			name = Models;
			sourceTree = "<group>";
		};
		3558B47F1A733D35000AAE5D /* Controllers */ = {
			isa = PBXGroup;
			children = (
				3534B14A1A4F65460058C09B /* ViewController.h */,
				3534B14B1A4F65460058C09B /* ViewController.m */,
				35340B4A1A521F390021D27E /* PostsTableViewController.h */,
				35340B4B1A521F390021D27E /* PostsTableViewController.m */,
				35340B4D1A5222290021D27E /* PostViewController.h */,
				35340B4E1A5222290021D27E /* PostViewController.m */,
				359B83BF1B69907400F21607 /* ArtViewController.h */,
				359B83C01B69907400F21607 /* ArtViewController.m */,
				35B68F8D1B6C6D7A00CC7616 /* LinksViewController.h */,
				35B68F8E1B6C6D7A00CC7616 /* LinksViewController.m */,
				35B68F9A1B6C7B5200CC7616 /* LinkViewController.h */,
				35B68F9B1B6C7B5200CC7616 /* LinkViewController.m */,
			);
			name = Controllers;
			sourceTree = "<group>";
		};
		3558B4811A733D62000AAE5D /* APIs */ = {
			isa = PBXGroup;
			children = (
				35CF46071A6CB6DC0032C26E /* APIClient.h */,
				35CF46081A6CB6DC0032C26E /* APIClient.m */,
			);
			name = APIs;
			sourceTree = "<group>";
		};
		359B83C41B69907A00F21607 /* Views */ = {
			isa = PBXGroup;
			children = (
				35C7CB0B1B6D318400BE69ED /* Arts */,
				35C7CB0A1B6D317E00BE69ED /* Links */,
			);
			name = Views;
			sourceTree = "<group>";
		};
		35C7CB0A1B6D317E00BE69ED /* Links */ = {
			isa = PBXGroup;
			children = (
				35B68F951B6C71FA00CC7616 /* LinkViewCell.h */,
				35B68F961B6C71FA00CC7616 /* LinkViewCell.m */,
				35B68F971B6C71FA00CC7616 /* LinkViewCell.xib */,
				35B68F9C1B6C7B5200CC7616 /* LinkViewController.xib */,
				35B68F8F1B6C6D7A00CC7616 /* LinksViewController.xib */,
			);
			name = Links;
			sourceTree = "<group>";
		};
		35C7CB0B1B6D318400BE69ED /* Arts */ = {
			isa = PBXGroup;
			children = (
				359B83C11B69907400F21607 /* ArtViewController.xib */,
				359B83C51B699A7400F21607 /* ArtViewCell.h */,
				359B83C61B699A7400F21607 /* ArtViewCell.m */,
				359B83C71B699A7400F21607 /* ArtViewCell.xib */,
			);
			name = Arts;
			sourceTree = "<group>";
		};
		AF6D122F42451ED5455E6475 /* Frameworks */ = {
			isa = PBXGroup;
			children = (
				8EE1C2281FDD9AFB5B75AC61 /* libPods-CharlieMassry.a */,
			);
			name = Frameworks;
			sourceTree = "<group>";
		};
/* End PBXGroup section */

/* Begin PBXNativeTarget section */
		3534B13F1A4F65460058C09B /* CharlieMassry */ = {
			isa = PBXNativeTarget;
			buildConfigurationList = 3534B1631A4F65460058C09B /* Build configuration list for PBXNativeTarget "CharlieMassry" */;
			buildPhases = (
				FD903DF9639BC02CD176C4B3 /* Check Pods Manifest.lock */,
				3534B13C1A4F65460058C09B /* Sources */,
				3534B13D1A4F65460058C09B /* Frameworks */,
				3534B13E1A4F65460058C09B /* Resources */,
				DA1986A4145AD1AEAC58D2D7 /* Copy Pods Resources */,
			);
			buildRules = (
			);
			dependencies = (
			);
			name = CharlieMassry;
			productName = CharlieMassry;
			productReference = 3534B1401A4F65460058C09B /* CharlieMassry.app */;
			productType = "com.apple.product-type.application";
		};
		3534B1581A4F65460058C09B /* CharlieMassryTests */ = {
			isa = PBXNativeTarget;
			buildConfigurationList = 3534B1661A4F65460058C09B /* Build configuration list for PBXNativeTarget "CharlieMassryTests" */;
			buildPhases = (
				3534B1551A4F65460058C09B /* Sources */,
				3534B1561A4F65460058C09B /* Frameworks */,
				3534B1571A4F65460058C09B /* Resources */,
			);
			buildRules = (
			);
			dependencies = (
				3534B15B1A4F65460058C09B /* PBXTargetDependency */,
			);
			name = CharlieMassryTests;
			productName = CharlieMassryTests;
			productReference = 3534B1591A4F65460058C09B /* CharlieMassryTests.xctest */;
			productType = "com.apple.product-type.bundle.unit-test";
		};
/* End PBXNativeTarget section */

/* Begin PBXProject section */
		3534B1381A4F65460058C09B /* Project object */ = {
			isa = PBXProject;
			attributes = {
				LastUpgradeCheck = 0610;
				ORGANIZATIONNAME = "Charlie Massry";
				TargetAttributes = {
					3534B13F1A4F65460058C09B = {
						CreatedOnToolsVersion = 6.1.1;
					};
					3534B1581A4F65460058C09B = {
						CreatedOnToolsVersion = 6.1.1;
						TestTargetID = 3534B13F1A4F65460058C09B;
					};
				};
			};
			buildConfigurationList = 3534B13B1A4F65460058C09B /* Build configuration list for PBXProject "CharlieMassry" */;
			compatibilityVersion = "Xcode 3.2";
			developmentRegion = English;
			hasScannedForEncodings = 0;
			knownRegions = (
				en,
				Base,
			);
			mainGroup = 3534B1371A4F65460058C09B;
			productRefGroup = 3534B1411A4F65460058C09B /* Products */;
			projectDirPath = "";
			projectRoot = "";
			targets = (
				3534B13F1A4F65460058C09B /* CharlieMassry */,
				3534B1581A4F65460058C09B /* CharlieMassryTests */,
			);
		};
/* End PBXProject section */

/* Begin PBXResourcesBuildPhase section */
		3534B13E1A4F65460058C09B /* Resources */ = {
			isa = PBXResourcesBuildPhase;
			buildActionMask = 2147483647;
			files = (
				359B83C31B69907400F21607 /* ArtViewController.xib in Resources */,
				3534B14F1A4F65460058C09B /* Main.storyboard in Resources */,
				35B68F991B6C71FA00CC7616 /* LinkViewCell.xib in Resources */,
				35B68F911B6C6D7A00CC7616 /* LinksViewController.xib in Resources */,
				35B68F9E1B6C7B5200CC7616 /* LinkViewController.xib in Resources */,
				3534B1541A4F65460058C09B /* LaunchScreen.xib in Resources */,
				359B83C91B699A7400F21607 /* ArtViewCell.xib in Resources */,
				3534B1511A4F65460058C09B /* Images.xcassets in Resources */,
			);
			runOnlyForDeploymentPostprocessing = 0;
		};
		3534B1571A4F65460058C09B /* Resources */ = {
			isa = PBXResourcesBuildPhase;
			buildActionMask = 2147483647;
			files = (
			);
			runOnlyForDeploymentPostprocessing = 0;
		};
/* End PBXResourcesBuildPhase section */

/* Begin PBXShellScriptBuildPhase section */
		DA1986A4145AD1AEAC58D2D7 /* Copy Pods Resources */ = {
			isa = PBXShellScriptBuildPhase;
			buildActionMask = 2147483647;
			files = (
			);
			inputPaths = (
			);
			name = "Copy Pods Resources";
			outputPaths = (
			);
			runOnlyForDeploymentPostprocessing = 0;
			shellPath = /bin/sh;
			shellScript = "\"${SRCROOT}/Pods/Target Support Files/Pods-CharlieMassry/Pods-CharlieMassry-resources.sh\"\n";
			showEnvVarsInLog = 0;
		};
		FD903DF9639BC02CD176C4B3 /* Check Pods Manifest.lock */ = {
			isa = PBXShellScriptBuildPhase;
			buildActionMask = 2147483647;
			files = (
			);
			inputPaths = (
			);
			name = "Check Pods Manifest.lock";
			outputPaths = (
			);
			runOnlyForDeploymentPostprocessing = 0;
			shellPath = /bin/sh;
			shellScript = "diff \"${PODS_ROOT}/../Podfile.lock\" \"${PODS_ROOT}/Manifest.lock\" > /dev/null\nif [[ $? != 0 ]] ; then\n    cat << EOM\nerror: The sandbox is not in sync with the Podfile.lock. Run 'pod install' or update your CocoaPods installation.\nEOM\n    exit 1\nfi\n";
			showEnvVarsInLog = 0;
		};
/* End PBXShellScriptBuildPhase section */

/* Begin PBXSourcesBuildPhase section */
		3534B13C1A4F65460058C09B /* Sources */ = {
			isa = PBXSourcesBuildPhase;
			buildActionMask = 2147483647;
			files = (
				35B68F901B6C6D7A00CC7616 /* LinksViewController.m in Sources */,
				3534B14C1A4F65460058C09B /* ViewController.m in Sources */,
				35340B4C1A521F390021D27E /* PostsTableViewController.m in Sources */,
				35B68F941B6C701C00CC7616 /* Link.m in Sources */,
				35340B4F1A5222290021D27E /* PostViewController.m in Sources */,
				3509134C1A7B165600D045B7 /* Util.m in Sources */,
				35C4B7661A73278900F50AF2 /* Comment.m in Sources */,
				35B68F9D1B6C7B5200CC7616 /* LinkViewController.m in Sources */,
				35B68F981B6C71FA00CC7616 /* LinkViewCell.m in Sources */,
				359B83C21B69907400F21607 /* ArtViewController.m in Sources */,
				353A84921A538D7C00668DD6 /* Post.m in Sources */,
				359B83BE1B698E6E00F21607 /* Art.m in Sources */,
				35CF46091A6CB6DC0032C26E /* APIClient.m in Sources */,
				3534B1491A4F65460058C09B /* AppDelegate.m in Sources */,
				359B83C81B699A7400F21607 /* ArtViewCell.m in Sources */,
				3534B1461A4F65460058C09B /* main.m in Sources */,
			);
			runOnlyForDeploymentPostprocessing = 0;
		};
		3534B1551A4F65460058C09B /* Sources */ = {
			isa = PBXSourcesBuildPhase;
			buildActionMask = 2147483647;
			files = (
				3534B1601A4F65460058C09B /* CharlieMassryTests.m in Sources */,
			);
			runOnlyForDeploymentPostprocessing = 0;
		};
/* End PBXSourcesBuildPhase section */

/* Begin PBXTargetDependency section */
		3534B15B1A4F65460058C09B /* PBXTargetDependency */ = {
			isa = PBXTargetDependency;
			target = 3534B13F1A4F65460058C09B /* CharlieMassry */;
			targetProxy = 3534B15A1A4F65460058C09B /* PBXContainerItemProxy */;
		};
/* End PBXTargetDependency section */

/* Begin PBXVariantGroup section */
		3534B14D1A4F65460058C09B /* Main.storyboard */ = {
			isa = PBXVariantGroup;
			children = (
				3534B14E1A4F65460058C09B /* Base */,
			);
			name = Main.storyboard;
			sourceTree = "<group>";
		};
		3534B1521A4F65460058C09B /* LaunchScreen.xib */ = {
			isa = PBXVariantGroup;
			children = (
				3534B1531A4F65460058C09B /* Base */,
			);
			name = LaunchScreen.xib;
			sourceTree = "<group>";
		};
/* End PBXVariantGroup section */

/* Begin XCBuildConfiguration section */
		3534B1611A4F65460058C09B /* Debug */ = {
			isa = XCBuildConfiguration;
			buildSettings = {
				ALWAYS_SEARCH_USER_PATHS = NO;
				CLANG_CXX_LANGUAGE_STANDARD = "gnu++0x";
				CLANG_CXX_LIBRARY = "libc++";
				CLANG_ENABLE_MODULES = YES;
				CLANG_ENABLE_OBJC_ARC = YES;
				CLANG_WARN_BOOL_CONVERSION = YES;
				CLANG_WARN_CONSTANT_CONVERSION = YES;
				CLANG_WARN_DIRECT_OBJC_ISA_USAGE = YES_ERROR;
				CLANG_WARN_EMPTY_BODY = YES;
				CLANG_WARN_ENUM_CONVERSION = YES;
				CLANG_WARN_INT_CONVERSION = YES;
				CLANG_WARN_OBJC_ROOT_CLASS = YES_ERROR;
				CLANG_WARN_UNREACHABLE_CODE = YES;
				CLANG_WARN__DUPLICATE_METHOD_MATCH = YES;
				"CODE_SIGN_IDENTITY[sdk=iphoneos*]" = "iPhone Developer";
				COPY_PHASE_STRIP = NO;
				ENABLE_STRICT_OBJC_MSGSEND = YES;
				GCC_C_LANGUAGE_STANDARD = gnu99;
				GCC_DYNAMIC_NO_PIC = NO;
				GCC_OPTIMIZATION_LEVEL = 0;
				GCC_PREPROCESSOR_DEFINITIONS = (
					"DEBUG=1",
					"$(inherited)",
				);
				GCC_SYMBOLS_PRIVATE_EXTERN = NO;
				GCC_WARN_64_TO_32_BIT_CONVERSION = YES;
				GCC_WARN_ABOUT_RETURN_TYPE = YES_ERROR;
				GCC_WARN_UNDECLARED_SELECTOR = YES;
				GCC_WARN_UNINITIALIZED_AUTOS = YES_AGGRESSIVE;
				GCC_WARN_UNUSED_FUNCTION = YES;
				GCC_WARN_UNUSED_VARIABLE = YES;
				IPHONEOS_DEPLOYMENT_TARGET = 8.1;
				MTL_ENABLE_DEBUG_INFO = YES;
				ONLY_ACTIVE_ARCH = YES;
				SDKROOT = iphoneos;
				TARGETED_DEVICE_FAMILY = "1,2";
			};
			name = Debug;
		};
		3534B1621A4F65460058C09B /* Release */ = {
			isa = XCBuildConfiguration;
			buildSettings = {
				ALWAYS_SEARCH_USER_PATHS = NO;
				CLANG_CXX_LANGUAGE_STANDARD = "gnu++0x";
				CLANG_CXX_LIBRARY = "libc++";
				CLANG_ENABLE_MODULES = YES;
				CLANG_ENABLE_OBJC_ARC = YES;
				CLANG_WARN_BOOL_CONVERSION = YES;
				CLANG_WARN_CONSTANT_CONVERSION = YES;
				CLANG_WARN_DIRECT_OBJC_ISA_USAGE = YES_ERROR;
				CLANG_WARN_EMPTY_BODY = YES;
				CLANG_WARN_ENUM_CONVERSION = YES;
				CLANG_WARN_INT_CONVERSION = YES;
				CLANG_WARN_OBJC_ROOT_CLASS = YES_ERROR;
				CLANG_WARN_UNREACHABLE_CODE = YES;
				CLANG_WARN__DUPLICATE_METHOD_MATCH = YES;
				"CODE_SIGN_IDENTITY[sdk=iphoneos*]" = "iPhone Developer";
				COPY_PHASE_STRIP = YES;
				ENABLE_NS_ASSERTIONS = NO;
				ENABLE_STRICT_OBJC_MSGSEND = YES;
				GCC_C_LANGUAGE_STANDARD = gnu99;
				GCC_WARN_64_TO_32_BIT_CONVERSION = YES;
				GCC_WARN_ABOUT_RETURN_TYPE = YES_ERROR;
				GCC_WARN_UNDECLARED_SELECTOR = YES;
				GCC_WARN_UNINITIALIZED_AUTOS = YES_AGGRESSIVE;
				GCC_WARN_UNUSED_FUNCTION = YES;
				GCC_WARN_UNUSED_VARIABLE = YES;
				IPHONEOS_DEPLOYMENT_TARGET = 8.1;
				MTL_ENABLE_DEBUG_INFO = NO;
				SDKROOT = iphoneos;
				TARGETED_DEVICE_FAMILY = "1,2";
				VALIDATE_PRODUCT = YES;
			};
			name = Release;
		};
		3534B1641A4F65460058C09B /* Debug */ = {
			isa = XCBuildConfiguration;
			baseConfigurationReference = 9773EAAAF67980A860B28ACC /* Pods-CharlieMassry.debug.xcconfig */;
			buildSettings = {
				ASSETCATALOG_COMPILER_APPICON_NAME = AppIcon;
				INFOPLIST_FILE = CharlieMassry/Info.plist;
				LD_RUNPATH_SEARCH_PATHS = "$(inherited) @executable_path/Frameworks";
				PRODUCT_NAME = "$(TARGET_NAME)";
			};
			name = Debug;
		};
		3534B1651A4F65460058C09B /* Release */ = {
			isa = XCBuildConfiguration;
			baseConfigurationReference = 91DA3E1C0C9F708B26C637B2 /* Pods-CharlieMassry.release.xcconfig */;
			buildSettings = {
				ASSETCATALOG_COMPILER_APPICON_NAME = AppIcon;
				INFOPLIST_FILE = CharlieMassry/Info.plist;
				LD_RUNPATH_SEARCH_PATHS = "$(inherited) @executable_path/Frameworks";
				PRODUCT_NAME = "$(TARGET_NAME)";
			};
			name = Release;
		};
		3534B1671A4F65460058C09B /* Debug */ = {
			isa = XCBuildConfiguration;
			buildSettings = {
				BUNDLE_LOADER = "$(TEST_HOST)";
				FRAMEWORK_SEARCH_PATHS = (
					"$(SDKROOT)/Developer/Library/Frameworks",
					"$(inherited)",
				);
				GCC_PREPROCESSOR_DEFINITIONS = (
					"DEBUG=1",
					"$(inherited)",
				);
				INFOPLIST_FILE = CharlieMassryTests/Info.plist;
				LD_RUNPATH_SEARCH_PATHS = "$(inherited) @executable_path/Frameworks @loader_path/Frameworks";
				PRODUCT_NAME = "$(TARGET_NAME)";
				TEST_HOST = "$(BUILT_PRODUCTS_DIR)/CharlieMassry.app/CharlieMassry";
			};
			name = Debug;
		};
		3534B1681A4F65460058C09B /* Release */ = {
			isa = XCBuildConfiguration;
			buildSettings = {
				BUNDLE_LOADER = "$(TEST_HOST)";
				FRAMEWORK_SEARCH_PATHS = (
					"$(SDKROOT)/Developer/Library/Frameworks",
					"$(inherited)",
				);
				INFOPLIST_FILE = CharlieMassryTests/Info.plist;
				LD_RUNPATH_SEARCH_PATHS = "$(inherited) @executable_path/Frameworks @loader_path/Frameworks";
				PRODUCT_NAME = "$(TARGET_NAME)";
				TEST_HOST = "$(BUILT_PRODUCTS_DIR)/CharlieMassry.app/CharlieMassry";
			};
			name = Release;
		};
/* End XCBuildConfiguration section */

/* Begin XCConfigurationList section */
		3534B13B1A4F65460058C09B /* Build configuration list for PBXProject "CharlieMassry" */ = {
			isa = XCConfigurationList;
			buildConfigurations = (
				3534B1611A4F65460058C09B /* Debug */,
				3534B1621A4F65460058C09B /* Release */,
			);
			defaultConfigurationIsVisible = 0;
			defaultConfigurationName = Release;
		};
		3534B1631A4F65460058C09B /* Build configuration list for PBXNativeTarget "CharlieMassry" */ = {
			isa = XCConfigurationList;
			buildConfigurations = (
				3534B1641A4F65460058C09B /* Debug */,
				3534B1651A4F65460058C09B /* Release */,
			);
			defaultConfigurationIsVisible = 0;
			defaultConfigurationName = Release;
		};
		3534B1661A4F65460058C09B /* Build configuration list for PBXNativeTarget "CharlieMassryTests" */ = {
			isa = XCConfigurationList;
			buildConfigurations = (
				3534B1671A4F65460058C09B /* Debug */,
				3534B1681A4F65460058C09B /* Release */,
			);
			defaultConfigurationIsVisible = 0;
			defaultConfigurationName = Release;
		};
/* End XCConfigurationList section */
	};
	rootObject = 3534B1381A4F65460058C09B /* Project object */;
}
